
Microsoft Visual Studio Solution File, Format Version 12.00
# Visual Studio Version 17
VisualStudioVersion = 17.7.34018.315
MinimumVisualStudioVersion = 10.0.40219.1
Project("{FAE04EC0-301F-11D3-BF4B-00C04F79EFBC}") = "ConsoleApp1", "ConsoleApp1\ConsoleApp1.csproj", "{FD918DD9-561F-4FBA-BF32-A38C7E7AF8BA}"
EndProject
Global
	GlobalSection(SolutionConfigurationPlatforms) = preSolution
		Debug|Any CPU = Debug|Any CPU
		Release|Any CPU = Release|Any CPU
	EndGlobalSection
	GlobalSection(ProjectConfigurationPlatforms) = postSolution
		{FD918DD9-561F-4FBA-BF32-A38C7E7AF8BA}.Debug|Any CPU.ActiveCfg = Debug|Any CPU
		{FD918DD9-561F-4FBA-BF32-A38C7E7AF8BA}.Debug|Any CPU.Build.0 = Debug|Any CPU
		{FD918DD9-561F-4FBA-BF32-A38C7E7AF8BA}.Release|Any CPU.ActiveCfg = Release|Any CPU
		{FD918DD9-561F-4FBA-BF32-A38C7E7AF8BA}.Release|Any CPU.Build.0 = Release|Any CPU
	EndGlobalSection
	GlobalSection(SolutionProperties) = preSolution
		HideSolutionNode = FALSE
	EndGlobalSection
	GlobalSection(ExtensibilityGlobals) = postSolution
		SolutionGuid = {8257B80B-6310-43F5-AE73-8CC3939CC6AD}
	EndGlobalSection
EndGlobal
